{
  "lockfile_version": "1",
  "packages": {
    "git@2.52.0": {
      "last_modified": "2026-01-01T04:40:00Z",
      "resolved": "github:NixOS/nixpkgs/c04833a1e584401bb63c1a63ddc51a71e6aa457a#git",
      "source": "devbox-search",
      "version": "2.52.0",
      "systems": {
        "aarch64-darwin": {
          "outputs": [
            {
              "name": "out",
              "path": "/nix/store/1xy62wrp3m91snd3cazxgg0yrplb6sav-git-2.52.0",
              "default": true
            },
            {
              "name": "doc",
              "path": "/nix/store/1518yqnr4z0p65jfv8skw2qwc30ad5la-git-2.52.0-doc"
            }
          ],
          "store_path": "/nix/store/1xy62wrp3m91snd3cazxgg0yrplb6sav-git-2.52.0"
        },
        "aarch64-linux": {
          "outputs": [
            {
              "name": "out",
              "path": "/nix/store/mfbr42w740arf759n51nhki221lang5z-git-2.52.0",
              "default": true
            },
            {
              "name": "doc",
              "path": "/nix/store/lm1plgvh8qlv0amm8wiz8l00ky298hws-git-2.52.0-doc"
            },
            {
              "name": "debug",
              "path": "/nix/store/q0lq2fczq1y9q9028k4ripf38mfy3n42-git-2.52.0-debug"
            }
          ],
          "store_path": "/nix/store/mfbr42w740arf759n51nhki221lang5z-git-2.52.0"
        },
        "x86_64-darwin": {
          "outputs": [
            {
              "name": "out",
              "path": "/nix/store/0lxp1s4hb0xb0di1a5jg08rr8hk0cvz8-git-2.52.0",
              "default": true
            },
            {
              "name": "doc",
              "path": "/nix/store/a9903b6q3clvx61l8drkpr262fb5qmik-git-2.52.0-doc"
            }
          ],
          "store_path": "/nix/store/0lxp1s4hb0xb0di1a5jg08rr8hk0cvz8-git-2.52.0"
        },
        "x86_64-linux": {
          "outputs": [
            {
              "name": "out",
              "path": "/nix/store/fryiyyhhilpqhx2wc4b6l5gnxc8w18rg-git-2.52.0",
              "default": true
            },
            {
              "name": "debug",
              "path": "/nix/store/q6m51s4q8kddlh9b9rb63v1yqvlv3xgp-git-2.52.0-debug"
            },
            {
              "name": "doc",
              "path": "/nix/store/n4zq81winwf8d5y2ra7fjznwl6cnhggz-git-2.52.0-doc"
            }
          ],
          "store_path": "/nix/store/fryiyyhhilpqhx2wc4b6l5gnxc8w18rg-git-2.52.0"
        }
      }
    },
    "github:NixOS/nixpkgs/nixpkgs-unstable": {
      "last_modified": "2025-11-25T14:41:04Z",
      "resolved": "github:NixOS/nixpkgs/dc205f7b4fdb04c8b7877b43edb7b73be7730081?lastModified=1764081664&narHash=sha256-sUoHmPr%2FEwXzRMpv1u%2FkH%2BdXuvJEyyF2Q7muE%2Bt0EU4%3D"
    },
    "glibcLocales@2.40-66": {
      "last_modified": "2025-11-23T21:50:36Z",
      "resolved": "github:NixOS/nixpkgs/ee09932cedcef15aaf476f9343d1dea2cb77e261#glibcLocales",
      "source": "devbox-search",
      "version": "2.40-66",
      "systems": {
        "aarch64-linux": {
          "outputs": [
            {
              "name": "out",
              "path": "/nix/store/lhf8phvkgmlqr5ys1bgfr4g38b3l95kd-glibc-locales-2.40-66",
              "default": true
            }
          ],
          "store_path": "/nix/store/lhf8phvkgmlqr5ys1bgfr4g38b3l95kd-glibc-locales-2.40-66"
        },
        "x86_64-linux": {
          "outputs": [
            {
              "name": "out",
              "path": "/nix/store/hjlkypp9lpxwzsjycpy7nqg2mnl7qhzv-glibc-locales-2.40-66",
              "default": true
            }
          ],
          "store_path": "/nix/store/hjlkypp9lpxwzsjycpy7nqg2mnl7qhzv-glibc-locales-2.40-66"
        }
      }
    },
    "go-task@3.45.5": {
      "last_modified": "2025-11-23T21:50:36Z",
      "resolved": "github:NixOS/nixpkgs/ee09932cedcef15aaf476f9343d1dea2cb77e261#go-task",
      "source": "devbox-search",
      "version": "3.45.5",
      "systems": {
        "aarch64-darwin": {
          "outputs": [
            {
              "name": "out",
              "path": "/nix/store/hq2nfh8sndri3x4z4k1j9g9wk6l0kp5q-go-task-3.45.5",
              "default": true
            }
          ],
          "store_path": "/nix/store/hq2nfh8sndri3x4z4k1j9g9wk6l0kp5q-go-task-3.45.5"
        },
        "aarch64-linux": {
          "outputs": [
            {
              "name": "out",
              "path": "/nix/store/4ac3xjjbvapdifhzqn3cj012b685bysi-go-task-3.45.5",
              "default": true
            }
          ],
          "store_path": "/nix/store/4ac3xjjbvapdifhzqn3cj012b685bysi-go-task-3.45.5"
        },
        "x86_64-darwin": {
          "outputs": [
            {
              "name": "out",
              "path": "/nix/store/57gnc0hahiawf2dmiiy6z6kxmaq2a41m-go-task-3.45.5",
              "default": true
            }
          ],
          "store_path": "/nix/store/57gnc0hahiawf2dmiiy6z6kxmaq2a41m-go-task-3.45.5"
        },
        "x86_64-linux": {
          "outputs": [
            {
              "name": "out",
              "path": "/nix/store/8j7jr4fpjlmbcyb1crr8gy00z8d768vm-go-task-3.45.5",
              "default": true
            }
          ],
          "store_path": "/nix/store/8j7jr4fpjlmbcyb1crr8gy00z8d768vm-go-task-3.45.5"
        }
      }
    },
    "kind@0.31.0": {
      "last_modified": "2025-12-27T03:48:10Z",
      "resolved": "github:NixOS/nixpkgs/4eec65df50d796a8fd9c146a09b5007916ce376b#kind",
      "source": "devbox-search",
      "version": "0.31.0",
      "systems": {
        "aarch64-darwin": {
          "outputs": [
            {
              "name": "out",
              "path": "/nix/store/0481jp5p025qg4w6nvgljf5dfnjv7zp5-kind-0.31.0",
              "default": true
            }
          ],
          "store_path": "/nix/store/0481jp5p025qg4w6nvgljf5dfnjv7zp5-kind-0.31.0"
        },
        "aarch64-linux": {
          "outputs": [
            {
              "name": "out",
              "path": "/nix/store/44rwlgmi57xkkrb359wbj2xzrsaclqfv-kind-0.31.0",
              "default": true
            }
          ],
          "store_path": "/nix/store/44rwlgmi57xkkrb359wbj2xzrsaclqfv-kind-0.31.0"
        },
        "x86_64-darwin": {
          "outputs": [
            {
              "name": "out",
              "path": "/nix/store/xdp8sz4jj8fg97aq3kngm7zj775hs9il-kind-0.31.0",
              "default": true
            }
          ],
          "store_path": "/nix/store/xdp8sz4jj8fg97aq3kngm7zj775hs9il-kind-0.31.0"
        },
        "x86_64-linux": {
          "outputs": [
            {
              "name": "out",
              "path": "/nix/store/m5zqwjnaymrfvgylvvsvppq1qz69zlam-kind-0.31.0",
              "default": true
            }
          ],
          "store_path": "/nix/store/m5zqwjnaymrfvgylvvsvppq1qz69zlam-kind-0.31.0"
        }
      }
    },
    "kubectl@1.35.0": {
      "last_modified": "2026-01-09T13:41:53Z",
      "resolved": "github:NixOS/nixpkgs/5f02c91314c8ba4afe83b256b023756412218535#kubectl",
      "source": "devbox-search",
      "version": "1.35.0",
      "systems": {
        "aarch64-darwin": {
          "outputs": [
            {
              "name": "out",
              "path": "/nix/store/1pmn1vxfffzz5mxj3h0ijzpsynq50l5g-kubectl-1.35.0",
              "default": true
            },
            {
              "name": "man",
              "path": "/nix/store/hh6nircg2v5iickmqfyx469f69rj0kag-kubectl-1.35.0-man",
              "default": true
            },
            {
              "name": "convert",
              "path": "/nix/store/z72fbf5mxilrrlsfvdacxbw27k0gszdf-kubectl-1.35.0-convert"
            }
          ],
          "store_path": "/nix/store/1pmn1vxfffzz5mxj3h0ijzpsynq50l5g-kubectl-1.35.0"
        },
        "aarch64-linux": {
          "outputs": [
            {
              "name": "out",
              "path": "/nix/store/fj8rhz380v89c3mq3br9ipislabppj4c-kubectl-1.35.0",
              "default": true
            },
            {
              "name": "man",
              "path": "/nix/store/hawgdz85f9qq9nalyq4nbrjbjw1f3356-kubectl-1.35.0-man",
              "default": true
            },
            {
              "name": "convert",
              "path": "/nix/store/dv5kh8sv8q3kkzcw4lnbkknm2pzxv5ig-kubectl-1.35.0-convert"
            }
          ],
          "store_path": "/nix/store/fj8rhz380v89c3mq3br9ipislabppj4c-kubectl-1.35.0"
        },
        "x86_64-darwin": {
          "outputs": [
            {
              "name": "out",
              "path": "/nix/store/d3gm9hvgbdhin2jh7nd8gwrf90jlmsw7-kubectl-1.35.0",
              "default": true
            },
            {
              "name": "man",
              "path": "/nix/store/za9ay0cna5hcqqmdk0flwinkd882997n-kubectl-1.35.0-man",
              "default": true
            },
            {
              "name": "convert",
              "path": "/nix/store/5r5vrq35nbcp8wgflvwmigvr6iqx85n5-kubectl-1.35.0-convert"
            }
          ],
          "store_path": "/nix/store/d3gm9hvgbdhin2jh7nd8gwrf90jlmsw7-kubectl-1.35.0"
        },
        "x86_64-linux": {
          "outputs": [
            {
              "name": "out",
              "path": "/nix/store/bbnq3nrmlhq0yjfhw84ciscpbr6hsb3b-kubectl-1.35.0",
              "default": true
            },
            {
              "name": "man",
              "path": "/nix/store/mnm7km6ik2x0pfhnylfm06vgxqvc78k0-kubectl-1.35.0-man",
              "default": true
            },
            {
              "name": "convert",
              "path": "/nix/store/c88x5qq16ih9i7iv4zyx81w2zijqzmlf-kubectl-1.35.0-convert"
            }
          ],
          "store_path": "/nix/store/bbnq3nrmlhq0yjfhw84ciscpbr6hsb3b-kubectl-1.35.0"
        }
      }
    },
    "kubernetes-helm@3.19.1": {
      "last_modified": "2025-11-23T21:50:36Z",
      "resolved": "github:NixOS/nixpkgs/ee09932cedcef15aaf476f9343d1dea2cb77e261#kubernetes-helm",
      "source": "devbox-search",
      "version": "3.19.1",
      "systems": {
        "aarch64-darwin": {
          "outputs": [
            {
              "name": "out",
              "path": "/nix/store/xx21h4bmbmhncdlhw5q7gp3wx50x0y5g-kubernetes-helm-3.19.1",
              "default": true
            }
          ],
          "store_path": "/nix/store/xx21h4bmbmhncdlhw5q7gp3wx50x0y5g-kubernetes-helm-3.19.1"
        },
        "aarch64-linux": {
          "outputs": [
            {
              "name": "out",
              "path": "/nix/store/s702f0l23v078mm6jkrbc7bx0qpjrzwm-kubernetes-helm-3.19.1",
              "default": true
            }
          ],
          "store_path": "/nix/store/s702f0l23v078mm6jkrbc7bx0qpjrzwm-kubernetes-helm-3.19.1"
        },
        "x86_64-darwin": {
          "outputs": [
            {
              "name": "out",
              "path": "/nix/store/z2is6ibqddfxx8mb1hybly00hb902h85-kubernetes-helm-3.19.1",
              "default": true
            }
          ],
          "store_path": "/nix/store/z2is6ibqddfxx8mb1hybly00hb902h85-kubernetes-helm-3.19.1"
        },
        "x86_64-linux": {
          "outputs": [
            {
              "name": "out",
              "path": "/nix/store/b7g7s0jpfs93g7s1b556166mcswbkmcx-kubernetes-helm-3.19.1",
              "default": true
            }
          ],
          "store_path": "/nix/store/b7g7s0jpfs93g7s1b556166mcswbkmcx-kubernetes-helm-3.19.1"
        }
      }
    },
    "pre-commit@4.5.1": {
      "last_modified": "2025-12-19T06:18:24Z",
      "resolved": "github:NixOS/nixpkgs/7d853e518814cca2a657b72eeba67ae20ebf7059#pre-commit",
      "source": "devbox-search",
      "version": "4.5.1",
      "systems": {
        "aarch64-darwin": {
          "outputs": [
            {
              "name": "out",
              "path": "/nix/store/yagix71f4isji0myf607lg6fnp2v8pzd-pre-commit-4.5.1",
              "default": true
            },
            {
              "name": "dist",
              "path": "/nix/store/93pci74s78ys6kl0wkngbya11lc8w0wk-pre-commit-4.5.1-dist"
            }
          ],
          "store_path": "/nix/store/yagix71f4isji0myf607lg6fnp2v8pzd-pre-commit-4.5.1"
        },
        "aarch64-linux": {
          "outputs": [
            {
              "name": "out",
              "path": "/nix/store/ilrpcyddb85m5gy62l4rvsfb7s7dhrd7-pre-commit-4.5.1",
              "default": true
            },
            {
              "name": "dist",
              "path": "/nix/store/kfy8345gm5xcc5dlygg2zfyd0w462242-pre-commit-4.5.1-dist"
            }
          ],
          "store_path": "/nix/store/ilrpcyddb85m5gy62l4rvsfb7s7dhrd7-pre-commit-4.5.1"
        },
        "x86_64-darwin": {
          "outputs": [
            {
              "name": "out",
              "path": "/nix/store/7dxds9ch0bnmadp07ppzyrlw0wxmihsl-pre-commit-4.5.1",
              "default": true
            },
            {
              "name": "dist",
              "path": "/nix/store/8wqpnr6yvlzas2yssl4icvsyslk82b78-pre-commit-4.5.1-dist"
            }
          ],
          "store_path": "/nix/store/7dxds9ch0bnmadp07ppzyrlw0wxmihsl-pre-commit-4.5.1"
        },
        "x86_64-linux": {
          "outputs": [
            {
              "name": "out",
              "path": "/nix/store/nq4n5yd6paaqc8hm1f54g9lsz87zpwzm-pre-commit-4.5.1",
              "default": true
            },
            {
              "name": "dist",
              "path": "/nix/store/1bljyj2nkv05jm4q84rj6fbr4zc1q26p-pre-commit-4.5.1-dist"
            }
          ],
          "store_path": "/nix/store/nq4n5yd6paaqc8hm1f54g9lsz87zpwzm-pre-commit-4.5.1"
        }
      }
    },
    "yamllint@1.37.1": {
      "last_modified": "2025-11-23T21:50:36Z",
      "resolved": "github:NixOS/nixpkgs/ee09932cedcef15aaf476f9343d1dea2cb77e261#yamllint",
      "source": "devbox-search",
      "version": "1.37.1",
      "systems": {
        "aarch64-darwin": {
          "outputs": [
            {
              "name": "out",
              "path": "/nix/store/wlr4gk3fcg7hkwdragab8m711p2p7cpn-python3.13-yamllint-1.37.1",
              "default": true
            },
            {
              "name": "dist",
              "path": "/nix/store/b25szjv62npp6d4ja4kg8zaj5igbybz7-python3.13-yamllint-1.37.1-dist"
            }
          ],
          "store_path": "/nix/store/wlr4gk3fcg7hkwdragab8m711p2p7cpn-python3.13-yamllint-1.37.1"
        },
        "aarch64-linux": {
          "outputs": [
            {
              "name": "out",
              "path": "/nix/store/png3qzx4ri1lsb0janbw11zk4xag6kpn-python3.13-yamllint-1.37.1",
              "default": true
            },
            {
              "name": "dist",
              "path": "/nix/store/409wlxqsscq1cjw5aw4hhxk1wrwcchkl-python3.13-yamllint-1.37.1-dist"
            }
          ],
          "store_path": "/nix/store/png3qzx4ri1lsb0janbw11zk4xag6kpn-python3.13-yamllint-1.37.1"
        },
        "x86_64-darwin": {
          "outputs": [
            {
              "name": "out",
              "path": "/nix/store/m86rk8mwlxvavv0d2k1yqavnh9iy2kp6-python3.13-yamllint-1.37.1",
              "default": true
            },
            {
              "name": "dist",
              "path": "/nix/store/myh77nwjyn3lkrxy4xy3bpa9nw1jgbll-python3.13-yamllint-1.37.1-dist"
            }
          ],
          "store_path": "/nix/store/m86rk8mwlxvavv0d2k1yqavnh9iy2kp6-python3.13-yamllint-1.37.1"
        },
        "x86_64-linux": {
          "outputs": [
            {
              "name": "out",
              "path": "/nix/store/26giqsvab90axm0l5c131kpv7dyl4a09-python3.13-yamllint-1.37.1",
              "default": true
            },
            {
              "name": "dist",
              "path": "/nix/store/kfjgy56k09d5zh3w3gx36r1nxsqfy4rq-python3.13-yamllint-1.37.1-dist"
            }
          ],
          "store_path": "/nix/store/26giqsvab90axm0l5c131kpv7dyl4a09-python3.13-yamllint-1.37.1"
        }
      }
    }
  }
}
